{
  "originHash" : "e67e3188a0ea6469648a44f5db2df0126880b5e94a265c9f308f53f402726ef4",
  "pins" : [
    {
      "identity" : "apollo-ios",
      "kind" : "remoteSourceControl",
      "location" : "https://github.com/apollographql/apollo-ios.git",
      "state" : {
        "revision" : "0d2c0dec44dab10a2c4e51f4114eb00d08294cd1",
        "version" : "2.0.3"
      }
    }
  ],
  "version" : 3
}
